
Microsoft Visual Studio Solution File, Format Version 12.00
# Visual Studio Version 16
VisualStudioVersion = 16.0.31702.278
MinimumVisualStudioVersion = 10.0.40219.1
Project("{FAE04EC0-301F-11D3-BF4B-00C04F79EFBC}") = "Employee_Json", "Employee_Json\Employee_Json.csproj", "{CBA00A04-C746-4398-84C9-FC43DF565CAD}"
EndProject
Global
	GlobalSection(SolutionConfigurationPlatforms) = preSolution
		Debug|Any CPU = Debug|Any CPU
		Release|Any CPU = Release|Any CPU
	EndGlobalSection
	GlobalSection(ProjectConfigurationPlatforms) = postSolution
		{CBA00A04-C746-4398-84C9-FC43DF565CAD}.Debug|Any CPU.ActiveCfg = Debug|Any CPU
		{CBA00A04-C746-4398-84C9-FC43DF565CAD}.Debug|Any CPU.Build.0 = Debug|Any CPU
		{CBA00A04-C746-4398-84C9-FC43DF565CAD}.Release|Any CPU.ActiveCfg = Release|Any CPU
		{CBA00A04-C746-4398-84C9-FC43DF565CAD}.Release|Any CPU.Build.0 = Release|Any CPU
	EndGlobalSection
	GlobalSection(SolutionProperties) = preSolution
		HideSolutionNode = FALSE
	EndGlobalSection
	GlobalSection(ExtensibilityGlobals) = postSolution
		SolutionGuid = {537CD3E1-B859-4E15-80B6-E43FE1B3E865}
	EndGlobalSection
EndGlobal
